
Microsoft Visual Studio Solution File, Format Version 12.00
# Visual Studio Version 17
VisualStudioVersion = 17.5.002.0
MinimumVisualStudioVersion = 10.0.40219.1
Project("{FAE04EC0-301F-11D3-BF4B-00C04F79EFBC}") = "Api", "Api\Api.csproj", "{1BFEB8E7-AEAE-44D8-85AF-497E300AABD6}"
EndProject
Project("{FAE04EC0-301F-11D3-BF4B-00C04F79EFBC}") = "Core", "Core\Core.csproj", "{A2EC8322-5B93-4A95-929D-16ABF7655C54}"
EndProject
Project("{FAE04EC0-301F-11D3-BF4B-00C04F79EFBC}") = "Infrastructure", "Infrastructure\Infrastructure.csproj", "{5DDDF411-5168-4438-8E8D-38EFE44A2F59}"
EndProject
Project("{FAE04EC0-301F-11D3-BF4B-00C04F79EFBC}") = "Services", "Services\Services.csproj", "{21F7696A-5B29-4B44-8E7E-C05F949AD8BE}"
EndProject
Global
	GlobalSection(SolutionConfigurationPlatforms) = preSolution
		Debug|Any CPU = Debug|Any CPU
		Release|Any CPU = Release|Any CPU
	EndGlobalSection
	GlobalSection(ProjectConfigurationPlatforms) = postSolution
		{1BFEB8E7-AEAE-44D8-85AF-497E300AABD6}.Debug|Any CPU.ActiveCfg = Debug|Any CPU
		{1BFEB8E7-AEAE-44D8-85AF-497E300AABD6}.Debug|Any CPU.Build.0 = Debug|Any CPU
		{1BFEB8E7-AEAE-44D8-85AF-497E300AABD6}.Release|Any CPU.ActiveCfg = Release|Any CPU
		{1BFEB8E7-AEAE-44D8-85AF-497E300AABD6}.Release|Any CPU.Build.0 = Release|Any CPU
		{A2EC8322-5B93-4A95-929D-16ABF7655C54}.Debug|Any CPU.ActiveCfg = Debug|Any CPU
		{A2EC8322-5B93-4A95-929D-16ABF7655C54}.Debug|Any CPU.Build.0 = Debug|Any CPU
		{A2EC8322-5B93-4A95-929D-16ABF7655C54}.Release|Any CPU.ActiveCfg = Release|Any CPU
		{A2EC8322-5B93-4A95-929D-16ABF7655C54}.Release|Any CPU.Build.0 = Release|Any CPU
		{5DDDF411-5168-4438-8E8D-38EFE44A2F59}.Debug|Any CPU.ActiveCfg = Debug|Any CPU
		{5DDDF411-5168-4438-8E8D-38EFE44A2F59}.Debug|Any CPU.Build.0 = Debug|Any CPU
		{5DDDF411-5168-4438-8E8D-38EFE44A2F59}.Release|Any CPU.ActiveCfg = Release|Any CPU
		{5DDDF411-5168-4438-8E8D-38EFE44A2F59}.Release|Any CPU.Build.0 = Release|Any CPU
		{21F7696A-5B29-4B44-8E7E-C05F949AD8BE}.Debug|Any CPU.ActiveCfg = Debug|Any CPU
		{21F7696A-5B29-4B44-8E7E-C05F949AD8BE}.Debug|Any CPU.Build.0 = Debug|Any CPU
		{21F7696A-5B29-4B44-8E7E-C05F949AD8BE}.Release|Any CPU.ActiveCfg = Release|Any CPU
		{21F7696A-5B29-4B44-8E7E-C05F949AD8BE}.Release|Any CPU.Build.0 = Release|Any CPU
	EndGlobalSection
	GlobalSection(SolutionProperties) = preSolution
		HideSolutionNode = FALSE
	EndGlobalSection
	GlobalSection(ExtensibilityGlobals) = postSolution
		SolutionGuid = {EFB333AF-711F-4978-8399-B5B974F68D29}
	EndGlobalSection
EndGlobal
